
Microsoft Visual Studio Solution File, Format Version 12.00
# Visual Studio 15
VisualStudioVersion = 15.0.28307.421
MinimumVisualStudioVersion = 10.0.40219.1
Project("{9A19103F-16F7-4668-BE54-9A1E7A4F7556}") = "DemoConsole", "DemoConsole.csproj", "{46054CBD-0DC5-4062-8367-9D6E92A73E6C}"
EndProject
Global
	GlobalSection(SolutionConfigurationPlatforms) = preSolution
		Debug|Any CPU = Debug|Any CPU
		Release|Any CPU = Release|Any CPU
	EndGlobalSection
	GlobalSection(ProjectConfigurationPlatforms) = postSolution
		{46054CBD-0DC5-4062-8367-9D6E92A73E6C}.Debug|Any CPU.ActiveCfg = Debug|Any CPU
		{46054CBD-0DC5-4062-8367-9D6E92A73E6C}.Debug|Any CPU.Build.0 = Debug|Any CPU
		{46054CBD-0DC5-4062-8367-9D6E92A73E6C}.Release|Any CPU.ActiveCfg = Release|Any CPU
		{46054CBD-0DC5-4062-8367-9D6E92A73E6C}.Release|Any CPU.Build.0 = Release|Any CPU
	EndGlobalSection
	GlobalSection(SolutionProperties) = preSolution
		HideSolutionNode = FALSE
	EndGlobalSection
	GlobalSection(ExtensibilityGlobals) = postSolution
		SolutionGuid = {76E4A080-D1E5-4B7A-9D00-2302B658F4A6}
	EndGlobalSection
EndGlobal
